lockfileVersion: 5.3

specifiers:
  '@geist-ui/core': ^2.3.6
  next: ^12.1.0
  pnpm: ^6.32.3
  react: ^17.0.2
  react-dom: ^17.0.2

dependencies:
  '@geist-ui/core': registry.npmjs.org/@geist-ui/core/2.3.6_react-dom@17.0.2+react@17.0.2
  next: registry.npmjs.org/next/12.1.0_react-dom@17.0.2+react@17.0.2
  pnpm: registry.npmjs.org/pnpm/6.32.3
  react: registry.npmjs.org/react/17.0.2
  react-dom: registry.npmjs.org/react-dom/17.0.2_react@17.0.2

packages:

  registry.npmjs.org/@babel/runtime/7.17.7:
    resolution: {integrity: sha512-L6rvG9GDxaLgFjg41K+5Yv9OMrU98sWe+Ykmc6FDJW/+vYZMhdOMKkISgzptMaERHvS2Y2lw9MDRm2gHhlQQoA==, registry: https://registry.yarnpkg.com/, tarball: https://registry.npmjs.org/@babel/runtime/-/runtime-7.17.7.tgz}
    name: '@babel/runtime'
    version: 7.17.7
    engines: {node: '>=6.9.0'}
    dependencies:
      regenerator-runtime: registry.npmjs.org/regenerator-runtime/0.13.9
    dev: false

  registry.npmjs.org/@geist-ui/core/2.3.6_react-dom@17.0.2+react@17.0.2:
    resolution: {integrity: sha512-IltILuADOMwgWW7Kfol/yHbBra9F1Is1FYizmyjsHnYd94e+LpIcjC/2vCWXTIz6Atx0auLvRqonbbMKXjZKVQ==, registry: https://registry.yarnpkg.com/, tarball: https://registry.npmjs.org/@geist-ui/core/-/core-2.3.6.tgz}
    id: registry.npmjs.org/@geist-ui/core/2.3.6
    name: '@geist-ui/core'
    version: 2.3.6
    peerDependencies:
      react: '>=16.9.0'
      react-dom: '>=16.9.0'
    dependencies:
      '@babel/runtime': registry.npmjs.org/@babel/runtime/7.17.7
      react: registry.npmjs.org/react/17.0.2
      react-dom: registry.npmjs.org/react-dom/17.0.2_react@17.0.2
    dev: false

  registry.npmjs.org/@next/env/12.1.0:
    resolution: {integrity: sha512-nrIgY6t17FQ9xxwH3jj0a6EOiQ/WDHUos35Hghtr+SWN/ntHIQ7UpuvSi0vaLzZVHQWaDupKI+liO5vANcDeTQ==, registry: https://registry.yarnpkg.com/, tarball: https://registry.npmjs.org/@next/env/-/env-12.1.0.tgz}
    name: '@next/env'
    version: 12.1.0
    dev: false

  registry.npmjs.org/@next/swc-android-arm64/12.1.0:
    resolution: {integrity: sha512-/280MLdZe0W03stA69iL+v6I+J1ascrQ6FrXBlXGCsGzrfMaGr7fskMa0T5AhQIVQD4nA/46QQWxG//DYuFBcA==, registry: https://registry.yarnpkg.com/, tarball: https://registry.npmjs.org/@next/swc-android-arm64/-/swc-android-arm64-12.1.0.tgz}
    name: '@next/swc-android-arm64'
    version: 12.1.0
    engines: {node: '>= 10'}
    cpu: [arm64]
    os: [android]
    requiresBuild: true
    dev: false
    optional: true

  registry.npmjs.org/@next/swc-darwin-arm64/12.1.0:
    resolution: {integrity: sha512-R8vcXE2/iONJ1Unf5Ptqjk6LRW3bggH+8drNkkzH4FLEQkHtELhvcmJwkXcuipyQCsIakldAXhRbZmm3YN1vXg==, registry: https://registry.yarnpkg.com/, tarball: https://registry.npmjs.org/@next/swc-darwin-arm64/-/swc-darwin-arm64-12.1.0.tgz}
    name: '@next/swc-darwin-arm64'
    version: 12.1.0
    engines: {node: '>= 10'}
    cpu: [arm64]
    os: [darwin]
    requiresBuild: true
    dev: false
    optional: true

  registry.npmjs.org/@next/swc-darwin-x64/12.1.0:
    resolution: {integrity: sha512-ieAz0/J0PhmbZBB8+EA/JGdhRHBogF8BWaeqR7hwveb6SYEIJaDNQy0I+ZN8gF8hLj63bEDxJAs/cEhdnTq+ug==, registry: https://registry.yarnpkg.com/, tarball: https://registry.npmjs.org/@next/swc-darwin-x64/-/swc-darwin-x64-12.1.0.tgz}
    name: '@next/swc-darwin-x64'
    version: 12.1.0
    engines: {node: '>= 10'}
    cpu: [x64]
    os: [darwin]
    requiresBuild: true
    dev: false
    optional: true

  registry.npmjs.org/@next/swc-linux-arm-gnueabihf/12.1.0:
    resolution: {integrity: sha512-njUd9hpl6o6A5d08dC0cKAgXKCzm5fFtgGe6i0eko8IAdtAPbtHxtpre3VeSxdZvuGFh+hb0REySQP9T1ttkog==, registry: https://registry.yarnpkg.com/, tarball: https://registry.npmjs.org/@next/swc-linux-arm-gnueabihf/-/swc-linux-arm-gnueabihf-12.1.0.tgz}
    name: '@next/swc-linux-arm-gnueabihf'
    version: 12.1.0
    engines: {node: '>= 10'}
    cpu: [arm]
    os: [linux]
    requiresBuild: true
    dev: false
    optional: true

  registry.npmjs.org/@next/swc-linux-arm64-gnu/12.1.0:
    resolution: {integrity: sha512-OqangJLkRxVxMhDtcb7Qn1xjzFA3s50EIxY7mljbSCLybU+sByPaWAHY4px97ieOlr2y4S0xdPKkQ3BCAwyo6Q==, registry: https://registry.yarnpkg.com/, tarball: https://registry.npmjs.org/@next/swc-linux-arm64-gnu/-/swc-linux-arm64-gnu-12.1.0.tgz}
    name: '@next/swc-linux-arm64-gnu'
    version: 12.1.0
    engines: {node: '>= 10'}
    cpu: [arm64]
    os: [linux]
    requiresBuild: true
    dev: false
    optional: true

  registry.npmjs.org/@next/swc-linux-arm64-musl/12.1.0:
    resolution: {integrity: sha512-hB8cLSt4GdmOpcwRe2UzI5UWn6HHO/vLkr5OTuNvCJ5xGDwpPXelVkYW/0+C3g5axbDW2Tym4S+MQCkkH9QfWA==, registry: https://registry.yarnpkg.com/, tarball: https://registry.npmjs.org/@next/swc-linux-arm64-musl/-/swc-linux-arm64-musl-12.1.0.tgz}
    name: '@next/swc-linux-arm64-musl'
    version: 12.1.0
    engines: {node: '>= 10'}
    cpu: [arm64]
    os: [linux]
    requiresBuild: true
    dev: false
    optional: true

  registry.npmjs.org/@next/swc-linux-x64-gnu/12.1.0:
    resolution: {integrity: sha512-OKO4R/digvrVuweSw/uBM4nSdyzsBV5EwkUeeG4KVpkIZEe64ZwRpnFB65bC6hGwxIBnTv5NMSnJ+0K/WmG78A==, registry: https://registry.yarnpkg.com/, tarball: https://registry.npmjs.org/@next/swc-linux-x64-gnu/-/swc-linux-x64-gnu-12.1.0.tgz}
    name: '@next/swc-linux-x64-gnu'
    version: 12.1.0
    engines: {node: '>= 10'}
    cpu: [x64]
    os: [linux]
    requiresBuild: true
    dev: false
    optional: true

  registry.npmjs.org/@next/swc-linux-x64-musl/12.1.0:
    resolution: {integrity: sha512-JohhgAHZvOD3rQY7tlp7NlmvtvYHBYgY0x5ZCecUT6eCCcl9lv6iV3nfu82ErkxNk1H893fqH0FUpznZ/H3pSw==, registry: https://registry.yarnpkg.com/, tarball: https://registry.npmjs.org/@next/swc-linux-x64-musl/-/swc-linux-x64-musl-12.1.0.tgz}
    name: '@next/swc-linux-x64-musl'
    version: 12.1.0
    engines: {node: '>= 10'}
    cpu: [x64]
    os: [linux]
    requiresBuild: true
    dev: false
    optional: true

  registry.npmjs.org/@next/swc-win32-arm64-msvc/12.1.0:
    resolution: {integrity: sha512-T/3gIE6QEfKIJ4dmJk75v9hhNiYZhQYAoYm4iVo1TgcsuaKLFa+zMPh4056AHiG6n9tn2UQ1CFE8EoybEsqsSw==, registry: https://registry.yarnpkg.com/, tarball: https://registry.npmjs.org/@next/swc-win32-arm64-msvc/-/swc-win32-arm64-msvc-12.1.0.tgz}
    name: '@next/swc-win32-arm64-msvc'
    version: 12.1.0
    engines: {node: '>= 10'}
    cpu: [arm64]
    os: [win32]
    requiresBuild: true
    dev: false
    optional: true

  registry.npmjs.org/@next/swc-win32-ia32-msvc/12.1.0:
    resolution: {integrity: sha512-iwnKgHJdqhIW19H9PRPM9j55V6RdcOo6rX+5imx832BCWzkDbyomWnlzBfr6ByUYfhohb8QuH4hSGEikpPqI0Q==, registry: https://registry.yarnpkg.com/, tarball: https://registry.npmjs.org/@next/swc-win32-ia32-msvc/-/swc-win32-ia32-msvc-12.1.0.tgz}
    name: '@next/swc-win32-ia32-msvc'
    version: 12.1.0
    engines: {node: '>= 10'}
    cpu: [ia32]
    os: [win32]
    requiresBuild: true
    dev: false
    optional: true

  registry.npmjs.org/@next/swc-win32-x64-msvc/12.1.0:
    resolution: {integrity: sha512-aBvcbMwuanDH4EMrL2TthNJy+4nP59Bimn8egqv6GHMVj0a44cU6Au4PjOhLNqEh9l+IpRGBqMTzec94UdC5xg==, registry: https://registry.yarnpkg.com/, tarball: https://registry.npmjs.org/@next/swc-win32-x64-msvc/-/swc-win32-x64-msvc-12.1.0.tgz}
    name: '@next/swc-win32-x64-msvc'
    version: 12.1.0
    engines: {node: '>= 10'}
    cpu: [x64]
    os: [win32]
    requiresBuild: true
    dev: false
    optional: true

  registry.npmjs.org/caniuse-lite/1.0.30001317:
    resolution: {integrity: sha512-xIZLh8gBm4dqNX0gkzrBeyI86J2eCjWzYAs40q88smG844YIrN4tVQl/RhquHvKEKImWWFIVh1Lxe5n1G/N+GQ==, registry: https://registry.yarnpkg.com/, tarball: https://registry.npmjs.org/caniuse-lite/-/caniuse-lite-1.0.30001317.tgz}
    name: caniuse-lite
    version: 1.0.30001317
    dev: false

  registry.npmjs.org/js-tokens/4.0.0:
    resolution: {integrity: sha512-RdJUflcE3cUzKiMqQgsCu06FPu9UdIJO0beYbPhHN4k6apgJtifcoCtT9bcxOpYBtpD2kCM6Sbzg4CausW/PKQ==, registry: https://registry.yarnpkg.com/, tarball: https://registry.npmjs.org/js-tokens/-/js-tokens-4.0.0.tgz}
    name: js-tokens
    version: 4.0.0
    dev: false

  registry.npmjs.org/loose-envify/1.4.0:
    resolution: {integrity: sha512-lyuxPGr/Wfhrlem2CL/UcnUc1zcqKAImBDzukY7Y5F/yQiNdko6+fRLevlw1HgMySw7f611UIY408EtxRSoK3Q==, registry: https://registry.yarnpkg.com/, tarball: https://registry.npmjs.org/loose-envify/-/loose-envify-1.4.0.tgz}
    name: loose-envify
    version: 1.4.0
    hasBin: true
    dependencies:
      js-tokens: registry.npmjs.org/js-tokens/4.0.0
    dev: false

  registry.npmjs.org/nanoid/3.3.1:
    resolution: {integrity: sha512-n6Vs/3KGyxPQd6uO0eH4Bv0ojGSUvuLlIHtC3Y0kEO23YRge8H9x1GCzLn28YX0H66pMkxuaeESFq4tKISKwdw==, registry: https://registry.yarnpkg.com/, tarball: https://registry.npmjs.org/nanoid/-/nanoid-3.3.1.tgz}
    name: nanoid
    version: 3.3.1
    engines: {node: ^10 || ^12 || ^13.7 || ^14 || >=15.0.1}
    hasBin: true
    dev: false

  registry.npmjs.org/next/12.1.0_react-dom@17.0.2+react@17.0.2:
    resolution: {integrity: sha512-s885kWvnIlxsUFHq9UGyIyLiuD0G3BUC/xrH0CEnH5lHEWkwQcHOORgbDF0hbrW9vr/7am4ETfX4A7M6DjrE7Q==, registry: https://registry.yarnpkg.com/, tarball: https://registry.npmjs.org/next/-/next-12.1.0.tgz}
    id: registry.npmjs.org/next/12.1.0
    name: next
    version: 12.1.0
    engines: {node: '>=12.22.0'}
    hasBin: true
    peerDependencies:
      fibers: '>= 3.1.0'
      node-sass: ^6.0.0 || ^7.0.0
      react: ^17.0.2 || ^18.0.0-0
      react-dom: ^17.0.2 || ^18.0.0-0
      sass: ^1.3.0
    peerDependenciesMeta:
      fibers:
        optional: true
      node-sass:
        optional: true
      sass:
        optional: true
    dependencies:
      '@next/env': registry.npmjs.org/@next/env/12.1.0
      caniuse-lite: registry.npmjs.org/caniuse-lite/1.0.30001317
      postcss: registry.npmjs.org/postcss/8.4.5
      react: registry.npmjs.org/react/17.0.2
      react-dom: registry.npmjs.org/react-dom/17.0.2_react@17.0.2
      styled-jsx: registry.npmjs.org/styled-jsx/5.0.0_react@17.0.2
      use-subscription: registry.npmjs.org/use-subscription/1.5.1_react@17.0.2
    optionalDependencies:
      '@next/swc-android-arm64': registry.npmjs.org/@next/swc-android-arm64/12.1.0
      '@next/swc-darwin-arm64': registry.npmjs.org/@next/swc-darwin-arm64/12.1.0
      '@next/swc-darwin-x64': registry.npmjs.org/@next/swc-darwin-x64/12.1.0
      '@next/swc-linux-arm-gnueabihf': registry.npmjs.org/@next/swc-linux-arm-gnueabihf/12.1.0
      '@next/swc-linux-arm64-gnu': registry.npmjs.org/@next/swc-linux-arm64-gnu/12.1.0
      '@next/swc-linux-arm64-musl': registry.npmjs.org/@next/swc-linux-arm64-musl/12.1.0
      '@next/swc-linux-x64-gnu': registry.npmjs.org/@next/swc-linux-x64-gnu/12.1.0
      '@next/swc-linux-x64-musl': registry.npmjs.org/@next/swc-linux-x64-musl/12.1.0
      '@next/swc-win32-arm64-msvc': registry.npmjs.org/@next/swc-win32-arm64-msvc/12.1.0
      '@next/swc-win32-ia32-msvc': registry.npmjs.org/@next/swc-win32-ia32-msvc/12.1.0
      '@next/swc-win32-x64-msvc': registry.npmjs.org/@next/swc-win32-x64-msvc/12.1.0
    transitivePeerDependencies:
      - '@babel/core'
      - babel-plugin-macros
    dev: false

  registry.npmjs.org/object-assign/4.1.1:
    resolution: {integrity: sha1-IQmtx5ZYh8/AXLvUQsrIv7s2CGM=, registry: https://registry.yarnpkg.com/, tarball: https://registry.npmjs.org/object-assign/-/object-assign-4.1.1.tgz}
    name: object-assign
    version: 4.1.1
    engines: {node: '>=0.10.0'}
    dev: false

  registry.npmjs.org/picocolors/1.0.0:
    resolution: {integrity: sha512-1fygroTLlHu66zi26VoTDv8yRgm0Fccecssto+MhsZ0D/DGW2sm8E8AjW7NU5VVTRt5GxbeZ5qBuJr+HyLYkjQ==, registry: https://registry.yarnpkg.com/, tarball: https://registry.npmjs.org/picocolors/-/picocolors-1.0.0.tgz}
    name: picocolors
    version: 1.0.0
    dev: false

  registry.npmjs.org/pnpm/6.32.3:
    resolution: {integrity: sha512-lMQgROSwiUA+kt+suAPinjNwqevS1Iz0rppWNZ3jHhzeP07RFRQ+Ksai2OlAnM+YjlbHT9niQ4ICBVSqcdQ04w==, registry: https://registry.yarnpkg.com/, tarball: https://registry.npmjs.org/pnpm/-/pnpm-6.32.3.tgz}
    name: pnpm
    version: 6.32.3
    engines: {node: '>=12.17'}
    hasBin: true
    dev: false

  registry.npmjs.org/postcss/8.4.5:
    resolution: {integrity: sha512-jBDboWM8qpaqwkMwItqTQTiFikhs/67OYVvblFFTM7MrZjt6yMKd6r2kgXizEbTTljacm4NldIlZnhbjr84QYg==, registry: https://registry.yarnpkg.com/, tarball: https://registry.npmjs.org/postcss/-/postcss-8.4.5.tgz}
    name: postcss
    version: 8.4.5
    engines: {node: ^10 || ^12 || >=14}
    dependencies:
      nanoid: registry.npmjs.org/nanoid/3.3.1
      picocolors: registry.npmjs.org/picocolors/1.0.0
      source-map-js: registry.npmjs.org/source-map-js/1.0.2
    dev: false

  registry.npmjs.org/react-dom/17.0.2_react@17.0.2:
    resolution: {integrity: sha512-s4h96KtLDUQlsENhMn1ar8t2bEa+q/YAtj8pPPdIjPDGBDIVNsrD9aXNWqspUe6AzKCIG0C1HZZLqLV7qpOBGA==, registry: https://registry.yarnpkg.com/, tarball: https://registry.npmjs.org/react-dom/-/react-dom-17.0.2.tgz}
    id: registry.npmjs.org/react-dom/17.0.2
    name: react-dom
    version: 17.0.2
    peerDependencies:
      react: 17.0.2
    dependencies:
      loose-envify: registry.npmjs.org/loose-envify/1.4.0
      object-assign: registry.npmjs.org/object-assign/4.1.1
      react: registry.npmjs.org/react/17.0.2
      scheduler: registry.npmjs.org/scheduler/0.20.2
    dev: false

  registry.npmjs.org/react/17.0.2:
    resolution: {integrity: sha512-gnhPt75i/dq/z3/6q/0asP78D0u592D5L1pd7M8P+dck6Fu/jJeL6iVVK23fptSUZj8Vjf++7wXA8UNclGQcbA==, registry: https://registry.yarnpkg.com/, tarball: https://registry.npmjs.org/react/-/react-17.0.2.tgz}
    name: react
    version: 17.0.2
    engines: {node: '>=0.10.0'}
    dependencies:
      loose-envify: registry.npmjs.org/loose-envify/1.4.0
      object-assign: registry.npmjs.org/object-assign/4.1.1
    dev: false

  registry.npmjs.org/regenerator-runtime/0.13.9:
    resolution: {integrity: sha512-p3VT+cOEgxFsRRA9X4lkI1E+k2/CtnKtU4gcxyaCUreilL/vqI6CdZ3wxVUx3UOUg+gnUOQQcRI7BmSI656MYA==, registry: https://registry.yarnpkg.com/, tarball: https://registry.npmjs.org/regenerator-runtime/-/regenerator-runtime-0.13.9.tgz}
    name: regenerator-runtime
    version: 0.13.9
    dev: false

  registry.npmjs.org/scheduler/0.20.2:
    resolution: {integrity: sha512-2eWfGgAqqWFGqtdMmcL5zCMK1U8KlXv8SQFGglL3CEtd0aDVDWgeF/YoCmvln55m5zSk3J/20hTaSBeSObsQDQ==, registry: https://registry.yarnpkg.com/, tarball: https://registry.npmjs.org/scheduler/-/scheduler-0.20.2.tgz}
    name: scheduler
    version: 0.20.2
    dependencies:
      loose-envify: registry.npmjs.org/loose-envify/1.4.0
      object-assign: registry.npmjs.org/object-assign/4.1.1
    dev: false

  registry.npmjs.org/source-map-js/1.0.2:
    resolution: {integrity: sha512-R0XvVJ9WusLiqTCEiGCmICCMplcCkIwwR11mOSD9CR5u+IXYdiseeEuXCVAjS54zqwkLcPNnmU4OeJ6tUrWhDw==, registry: https://registry.yarnpkg.com/, tarball: https://registry.npmjs.org/source-map-js/-/source-map-js-1.0.2.tgz}
    name: source-map-js
    version: 1.0.2
    engines: {node: '>=0.10.0'}
    dev: false

  registry.npmjs.org/styled-jsx/5.0.0_react@17.0.2:
    resolution: {integrity: sha512-qUqsWoBquEdERe10EW8vLp3jT25s/ssG1/qX5gZ4wu15OZpmSMFI2v+fWlRhLfykA5rFtlJ1ME8A8pm/peV4WA==, registry: https://registry.yarnpkg.com/, tarball: https://registry.npmjs.org/styled-jsx/-/styled-jsx-5.0.0.tgz}
    id: registry.npmjs.org/styled-jsx/5.0.0
    name: styled-jsx
    version: 5.0.0
    engines: {node: '>= 12.0.0'}
    peerDependencies:
      '@babel/core': '*'
      babel-plugin-macros: '*'
      react: '>= 16.8.0 || 17.x.x || 18.x.x'
    peerDependenciesMeta:
      '@babel/core':
        optional: true
      babel-plugin-macros:
        optional: true
    dependencies:
      react: registry.npmjs.org/react/17.0.2
    dev: false

  registry.npmjs.org/use-subscription/1.5.1_react@17.0.2:
    resolution: {integrity: sha512-Xv2a1P/yReAjAbhylMfFplFKj9GssgTwN7RlcTxBujFQcloStWNDQdc4g4NRWH9xS4i/FDk04vQBptAXoF3VcA==, registry: https://registry.yarnpkg.com/, tarball: https://registry.npmjs.org/use-subscription/-/use-subscription-1.5.1.tgz}
    id: registry.npmjs.org/use-subscription/1.5.1
    name: use-subscription
    version: 1.5.1
    peerDependencies:
      react: ^16.8.0 || ^17.0.0
    dependencies:
      object-assign: registry.npmjs.org/object-assign/4.1.1
      react: registry.npmjs.org/react/17.0.2
    dev: false
