lockfileVersion: 5.3

specifiers:
  '@geist-ui/core': ^2.3.6
  next: ^12.1.0
  pnpm: ^6.32.3
  react: ^17.0.2
  react-dom: ^17.0.2
  react-jss: ^10.9.0

dependencies:
  '@geist-ui/core': registry.npmjs.org/@geist-ui/core/2.3.6_react-dom@17.0.2+react@17.0.2
  next: registry.npmjs.org/next/12.1.0_react-dom@17.0.2+react@17.0.2
  pnpm: registry.npmjs.org/pnpm/6.32.3
  react: registry.npmjs.org/react/17.0.2
  react-dom: registry.npmjs.org/react-dom/17.0.2_react@17.0.2
  react-jss: registry.npmjs.org/react-jss/10.9.0_react@17.0.2

packages:

  registry.npmjs.org/@babel/runtime/7.17.7:
    resolution: {integrity: sha512-L6rvG9GDxaLgFjg41K+5Yv9OMrU98sWe+Ykmc6FDJW/+vYZMhdOMKkISgzptMaERHvS2Y2lw9MDRm2gHhlQQoA==, registry: https://registry.yarnpkg.com/, tarball: https://registry.npmjs.org/@babel/runtime/-/runtime-7.17.7.tgz}
    name: '@babel/runtime'
    version: 7.17.7
    engines: {node: '>=6.9.0'}
    dependencies:
      regenerator-runtime: registry.npmjs.org/regenerator-runtime/0.13.9
    dev: false

  registry.npmjs.org/@emotion/is-prop-valid/0.7.3:
    resolution: {integrity: sha512-uxJqm/sqwXw3YPA5GXX365OBcJGFtxUVkB6WyezqFHlNe9jqUWH5ur2O2M8dGBz61kn1g3ZBlzUunFQXQIClhA==, registry: https://registry.yarnpkg.com/, tarball: https://registry.npmjs.org/@emotion/is-prop-valid/-/is-prop-valid-0.7.3.tgz}
    name: '@emotion/is-prop-valid'
    version: 0.7.3
    dependencies:
      '@emotion/memoize': registry.npmjs.org/@emotion/memoize/0.7.1
    dev: false

  registry.npmjs.org/@emotion/memoize/0.7.1:
    resolution: {integrity: sha512-Qv4LTqO11jepd5Qmlp3M1YEjBumoTHcHFdgPTQ+sFlIL5myi/7xu/POwP7IRu6odBdmLXdtIs1D6TuW6kbwbbg==, registry: https://registry.yarnpkg.com/, tarball: https://registry.npmjs.org/@emotion/memoize/-/memoize-0.7.1.tgz}
    name: '@emotion/memoize'
    version: 0.7.1
    dev: false

  registry.npmjs.org/@geist-ui/core/2.3.6_react-dom@17.0.2+react@17.0.2:
    resolution: {integrity: sha512-IltILuADOMwgWW7Kfol/yHbBra9F1Is1FYizmyjsHnYd94e+LpIcjC/2vCWXTIz6Atx0auLvRqonbbMKXjZKVQ==, registry: https://registry.yarnpkg.com/, tarball: https://registry.npmjs.org/@geist-ui/core/-/core-2.3.6.tgz}
    id: registry.npmjs.org/@geist-ui/core/2.3.6
    name: '@geist-ui/core'
    version: 2.3.6
    peerDependencies:
      react: '>=16.9.0'
      react-dom: '>=16.9.0'
    dependencies:
      '@babel/runtime': registry.npmjs.org/@babel/runtime/7.17.7
      react: registry.npmjs.org/react/17.0.2
      react-dom: registry.npmjs.org/react-dom/17.0.2_react@17.0.2
    dev: false

  registry.npmjs.org/@next/env/12.1.0:
    resolution: {integrity: sha512-nrIgY6t17FQ9xxwH3jj0a6EOiQ/WDHUos35Hghtr+SWN/ntHIQ7UpuvSi0vaLzZVHQWaDupKI+liO5vANcDeTQ==, registry: https://registry.yarnpkg.com/, tarball: https://registry.npmjs.org/@next/env/-/env-12.1.0.tgz}
    name: '@next/env'
    version: 12.1.0
    dev: false

  registry.npmjs.org/@next/swc-android-arm64/12.1.0:
    resolution: {integrity: sha512-/280MLdZe0W03stA69iL+v6I+J1ascrQ6FrXBlXGCsGzrfMaGr7fskMa0T5AhQIVQD4nA/46QQWxG//DYuFBcA==, registry: https://registry.yarnpkg.com/, tarball: https://registry.npmjs.org/@next/swc-android-arm64/-/swc-android-arm64-12.1.0.tgz}
    name: '@next/swc-android-arm64'
    version: 12.1.0
    engines: {node: '>= 10'}
    cpu: [arm64]
    os: [android]
    requiresBuild: true
    dev: false
    optional: true

  registry.npmjs.org/@next/swc-darwin-arm64/12.1.0:
    resolution: {integrity: sha512-R8vcXE2/iONJ1Unf5Ptqjk6LRW3bggH+8drNkkzH4FLEQkHtELhvcmJwkXcuipyQCsIakldAXhRbZmm3YN1vXg==, registry: https://registry.yarnpkg.com/, tarball: https://registry.npmjs.org/@next/swc-darwin-arm64/-/swc-darwin-arm64-12.1.0.tgz}
    name: '@next/swc-darwin-arm64'
    version: 12.1.0
    engines: {node: '>= 10'}
    cpu: [arm64]
    os: [darwin]
    requiresBuild: true
    dev: false
    optional: true

  registry.npmjs.org/@next/swc-darwin-x64/12.1.0:
    resolution: {integrity: sha512-ieAz0/J0PhmbZBB8+EA/JGdhRHBogF8BWaeqR7hwveb6SYEIJaDNQy0I+ZN8gF8hLj63bEDxJAs/cEhdnTq+ug==, registry: https://registry.yarnpkg.com/, tarball: https://registry.npmjs.org/@next/swc-darwin-x64/-/swc-darwin-x64-12.1.0.tgz}
    name: '@next/swc-darwin-x64'
    version: 12.1.0
    engines: {node: '>= 10'}
    cpu: [x64]
    os: [darwin]
    requiresBuild: true
    dev: false
    optional: true

  registry.npmjs.org/@next/swc-linux-arm-gnueabihf/12.1.0:
    resolution: {integrity: sha512-njUd9hpl6o6A5d08dC0cKAgXKCzm5fFtgGe6i0eko8IAdtAPbtHxtpre3VeSxdZvuGFh+hb0REySQP9T1ttkog==, registry: https://registry.yarnpkg.com/, tarball: https://registry.npmjs.org/@next/swc-linux-arm-gnueabihf/-/swc-linux-arm-gnueabihf-12.1.0.tgz}
    name: '@next/swc-linux-arm-gnueabihf'
    version: 12.1.0
    engines: {node: '>= 10'}
    cpu: [arm]
    os: [linux]
    requiresBuild: true
    dev: false
    optional: true

  registry.npmjs.org/@next/swc-linux-arm64-gnu/12.1.0:
    resolution: {integrity: sha512-OqangJLkRxVxMhDtcb7Qn1xjzFA3s50EIxY7mljbSCLybU+sByPaWAHY4px97ieOlr2y4S0xdPKkQ3BCAwyo6Q==, registry: https://registry.yarnpkg.com/, tarball: https://registry.npmjs.org/@next/swc-linux-arm64-gnu/-/swc-linux-arm64-gnu-12.1.0.tgz}
    name: '@next/swc-linux-arm64-gnu'
    version: 12.1.0
    engines: {node: '>= 10'}
    cpu: [arm64]
    os: [linux]
    requiresBuild: true
    dev: false
    optional: true

  registry.npmjs.org/@next/swc-linux-arm64-musl/12.1.0:
    resolution: {integrity: sha512-hB8cLSt4GdmOpcwRe2UzI5UWn6HHO/vLkr5OTuNvCJ5xGDwpPXelVkYW/0+C3g5axbDW2Tym4S+MQCkkH9QfWA==, registry: https://registry.yarnpkg.com/, tarball: https://registry.npmjs.org/@next/swc-linux-arm64-musl/-/swc-linux-arm64-musl-12.1.0.tgz}
    name: '@next/swc-linux-arm64-musl'
    version: 12.1.0
    engines: {node: '>= 10'}
    cpu: [arm64]
    os: [linux]
    requiresBuild: true
    dev: false
    optional: true

  registry.npmjs.org/@next/swc-linux-x64-gnu/12.1.0:
    resolution: {integrity: sha512-OKO4R/digvrVuweSw/uBM4nSdyzsBV5EwkUeeG4KVpkIZEe64ZwRpnFB65bC6hGwxIBnTv5NMSnJ+0K/WmG78A==, registry: https://registry.yarnpkg.com/, tarball: https://registry.npmjs.org/@next/swc-linux-x64-gnu/-/swc-linux-x64-gnu-12.1.0.tgz}
    name: '@next/swc-linux-x64-gnu'
    version: 12.1.0
    engines: {node: '>= 10'}
    cpu: [x64]
    os: [linux]
    requiresBuild: true
    dev: false
    optional: true

  registry.npmjs.org/@next/swc-linux-x64-musl/12.1.0:
    resolution: {integrity: sha512-JohhgAHZvOD3rQY7tlp7NlmvtvYHBYgY0x5ZCecUT6eCCcl9lv6iV3nfu82ErkxNk1H893fqH0FUpznZ/H3pSw==, registry: https://registry.yarnpkg.com/, tarball: https://registry.npmjs.org/@next/swc-linux-x64-musl/-/swc-linux-x64-musl-12.1.0.tgz}
    name: '@next/swc-linux-x64-musl'
    version: 12.1.0
    engines: {node: '>= 10'}
    cpu: [x64]
    os: [linux]
    requiresBuild: true
    dev: false
    optional: true

  registry.npmjs.org/@next/swc-win32-arm64-msvc/12.1.0:
    resolution: {integrity: sha512-T/3gIE6QEfKIJ4dmJk75v9hhNiYZhQYAoYm4iVo1TgcsuaKLFa+zMPh4056AHiG6n9tn2UQ1CFE8EoybEsqsSw==, registry: https://registry.yarnpkg.com/, tarball: https://registry.npmjs.org/@next/swc-win32-arm64-msvc/-/swc-win32-arm64-msvc-12.1.0.tgz}
    name: '@next/swc-win32-arm64-msvc'
    version: 12.1.0
    engines: {node: '>= 10'}
    cpu: [arm64]
    os: [win32]
    requiresBuild: true
    dev: false
    optional: true

  registry.npmjs.org/@next/swc-win32-ia32-msvc/12.1.0:
    resolution: {integrity: sha512-iwnKgHJdqhIW19H9PRPM9j55V6RdcOo6rX+5imx832BCWzkDbyomWnlzBfr6ByUYfhohb8QuH4hSGEikpPqI0Q==, registry: https://registry.yarnpkg.com/, tarball: https://registry.npmjs.org/@next/swc-win32-ia32-msvc/-/swc-win32-ia32-msvc-12.1.0.tgz}
    name: '@next/swc-win32-ia32-msvc'
    version: 12.1.0
    engines: {node: '>= 10'}
    cpu: [ia32]
    os: [win32]
    requiresBuild: true
    dev: false
    optional: true

  registry.npmjs.org/@next/swc-win32-x64-msvc/12.1.0:
    resolution: {integrity: sha512-aBvcbMwuanDH4EMrL2TthNJy+4nP59Bimn8egqv6GHMVj0a44cU6Au4PjOhLNqEh9l+IpRGBqMTzec94UdC5xg==, registry: https://registry.yarnpkg.com/, tarball: https://registry.npmjs.org/@next/swc-win32-x64-msvc/-/swc-win32-x64-msvc-12.1.0.tgz}
    name: '@next/swc-win32-x64-msvc'
    version: 12.1.0
    engines: {node: '>= 10'}
    cpu: [x64]
    os: [win32]
    requiresBuild: true
    dev: false
    optional: true

  registry.npmjs.org/caniuse-lite/1.0.30001317:
    resolution: {integrity: sha512-xIZLh8gBm4dqNX0gkzrBeyI86J2eCjWzYAs40q88smG844YIrN4tVQl/RhquHvKEKImWWFIVh1Lxe5n1G/N+GQ==, registry: https://registry.yarnpkg.com/, tarball: https://registry.npmjs.org/caniuse-lite/-/caniuse-lite-1.0.30001317.tgz}
    name: caniuse-lite
    version: 1.0.30001317
    dev: false

  registry.npmjs.org/css-jss/10.9.0:
    resolution: {integrity: sha512-CpYclti5ZQ18PfAeXaHQ2bEw4DEUfjC0lTS9sQcUlTRF8hC/Va0h3DIowlRm6AH/Ka/O/+tp41Q5zn9MJQoRsA==, registry: https://registry.yarnpkg.com/, tarball: https://registry.npmjs.org/css-jss/-/css-jss-10.9.0.tgz}
    name: css-jss
    version: 10.9.0
    dependencies:
      '@babel/runtime': registry.npmjs.org/@babel/runtime/7.17.7
      jss: registry.npmjs.org/jss/10.9.0
      jss-preset-default: registry.npmjs.org/jss-preset-default/10.9.0
    dev: false

  registry.npmjs.org/css-vendor/2.0.8:
    resolution: {integrity: sha512-x9Aq0XTInxrkuFeHKbYC7zWY8ai7qJ04Kxd9MnvbC1uO5DagxoHQjm4JvG+vCdXOoFtCjbL2XSZfxmoYa9uQVQ==, registry: https://registry.yarnpkg.com/, tarball: https://registry.npmjs.org/css-vendor/-/css-vendor-2.0.8.tgz}
    name: css-vendor
    version: 2.0.8
    dependencies:
      '@babel/runtime': registry.npmjs.org/@babel/runtime/7.17.7
      is-in-browser: registry.npmjs.org/is-in-browser/1.1.3
    dev: false

  registry.npmjs.org/csstype/3.0.11:
    resolution: {integrity: sha512-sa6P2wJ+CAbgyy4KFssIb/JNMLxFvKF1pCYCSXS8ZMuqZnMsrxqI2E5sPyoTpxoPU/gVZMzr2zjOfg8GIZOMsw==, registry: https://registry.yarnpkg.com/, tarball: https://registry.npmjs.org/csstype/-/csstype-3.0.11.tgz}
    name: csstype
    version: 3.0.11
    dev: false

  registry.npmjs.org/hoist-non-react-statics/3.3.2:
    resolution: {integrity: sha512-/gGivxi8JPKWNm/W0jSmzcMPpfpPLc3dY/6GxhX2hQ9iGj3aDfklV4ET7NjKpSinLpJ5vafa9iiGIEZg10SfBw==, registry: https://registry.yarnpkg.com/, tarball: https://registry.npmjs.org/hoist-non-react-statics/-/hoist-non-react-statics-3.3.2.tgz}
    name: hoist-non-react-statics
    version: 3.3.2
    dependencies:
      react-is: registry.npmjs.org/react-is/16.13.1
    dev: false

  registry.npmjs.org/hyphenate-style-name/1.0.4:
    resolution: {integrity: sha512-ygGZLjmXfPHj+ZWh6LwbC37l43MhfztxetbFCoYTM2VjkIUpeHgSNn7QIyVFj7YQ1Wl9Cbw5sholVJPzWvC2MQ==, registry: https://registry.yarnpkg.com/, tarball: https://registry.npmjs.org/hyphenate-style-name/-/hyphenate-style-name-1.0.4.tgz}
    name: hyphenate-style-name
    version: 1.0.4
    dev: false

  registry.npmjs.org/is-in-browser/1.1.3:
    resolution: {integrity: sha1-Vv9NtoOgeMYILrldrX3GLh0E+DU=, registry: https://registry.yarnpkg.com/, tarball: https://registry.npmjs.org/is-in-browser/-/is-in-browser-1.1.3.tgz}
    name: is-in-browser
    version: 1.1.3
    dev: false

  registry.npmjs.org/js-tokens/4.0.0:
    resolution: {integrity: sha512-RdJUflcE3cUzKiMqQgsCu06FPu9UdIJO0beYbPhHN4k6apgJtifcoCtT9bcxOpYBtpD2kCM6Sbzg4CausW/PKQ==, registry: https://registry.yarnpkg.com/, tarball: https://registry.npmjs.org/js-tokens/-/js-tokens-4.0.0.tgz}
    name: js-tokens
    version: 4.0.0
    dev: false

  registry.npmjs.org/jss-plugin-camel-case/10.9.0:
    resolution: {integrity: sha512-UH6uPpnDk413/r/2Olmw4+y54yEF2lRIV8XIZyuYpgPYTITLlPOsq6XB9qeqv+75SQSg3KLocq5jUBXW8qWWww==, registry: https://registry.yarnpkg.com/, tarball: https://registry.npmjs.org/jss-plugin-camel-case/-/jss-plugin-camel-case-10.9.0.tgz}
    name: jss-plugin-camel-case
    version: 10.9.0
    dependencies:
      '@babel/runtime': registry.npmjs.org/@babel/runtime/7.17.7
      hyphenate-style-name: registry.npmjs.org/hyphenate-style-name/1.0.4
      jss: registry.npmjs.org/jss/10.9.0
    dev: false

  registry.npmjs.org/jss-plugin-compose/10.9.0:
    resolution: {integrity: sha512-Q/0FEZhDwGUpf3/b7+PspmMi6MVSlN3YlTDmvrft7I6N346jUpd8MYkYP/6qM1ZMuVj4v8ky/XYqr1v2ganLLg==, registry: https://registry.yarnpkg.com/, tarball: https://registry.npmjs.org/jss-plugin-compose/-/jss-plugin-compose-10.9.0.tgz}
    name: jss-plugin-compose
    version: 10.9.0
    dependencies:
      '@babel/runtime': registry.npmjs.org/@babel/runtime/7.17.7
      jss: registry.npmjs.org/jss/10.9.0
      tiny-warning: registry.npmjs.org/tiny-warning/1.0.3
    dev: false

  registry.npmjs.org/jss-plugin-default-unit/10.9.0:
    resolution: {integrity: sha512-7Ju4Q9wJ/MZPsxfu4T84mzdn7pLHWeqoGd/D8O3eDNNJ93Xc8PxnLmV8s8ZPNRYkLdxZqKtm1nPQ0BM4JRlq2w==, registry: https://registry.yarnpkg.com/, tarball: https://registry.npmjs.org/jss-plugin-default-unit/-/jss-plugin-default-unit-10.9.0.tgz}
    name: jss-plugin-default-unit
    version: 10.9.0
    dependencies:
      '@babel/runtime': registry.npmjs.org/@babel/runtime/7.17.7
      jss: registry.npmjs.org/jss/10.9.0
    dev: false

  registry.npmjs.org/jss-plugin-expand/10.9.0:
    resolution: {integrity: sha512-QfZ9jld0HpF1OiYU7cGWQ4q+f6+Wu93mV4X+cA1iVRssiUbSbygwdfZkUwX23UOhS1WWRJeQlLK1aJC94K8/0A==, registry: https://registry.yarnpkg.com/, tarball: https://registry.npmjs.org/jss-plugin-expand/-/jss-plugin-expand-10.9.0.tgz}
    name: jss-plugin-expand
    version: 10.9.0
    dependencies:
      '@babel/runtime': registry.npmjs.org/@babel/runtime/7.17.7
      jss: registry.npmjs.org/jss/10.9.0
    dev: false

  registry.npmjs.org/jss-plugin-extend/10.9.0:
    resolution: {integrity: sha512-xvmosUh3RsKVsm9L14ml6PL3i0Ejj5gB6eo/jTMkGW1kIy42gNXV1EthR8cD5xiowWstnvugQ3JF0pI5+QkPMg==, registry: https://registry.yarnpkg.com/, tarball: https://registry.npmjs.org/jss-plugin-extend/-/jss-plugin-extend-10.9.0.tgz}
    name: jss-plugin-extend
    version: 10.9.0
    dependencies:
      '@babel/runtime': registry.npmjs.org/@babel/runtime/7.17.7
      jss: registry.npmjs.org/jss/10.9.0
      tiny-warning: registry.npmjs.org/tiny-warning/1.0.3
    dev: false

  registry.npmjs.org/jss-plugin-global/10.9.0:
    resolution: {integrity: sha512-4G8PHNJ0x6nwAFsEzcuVDiBlyMsj2y3VjmFAx/uHk/R/gzJV+yRHICjT4MKGGu1cJq2hfowFWCyrr/Gg37FbgQ==, registry: https://registry.yarnpkg.com/, tarball: https://registry.npmjs.org/jss-plugin-global/-/jss-plugin-global-10.9.0.tgz}
    name: jss-plugin-global
    version: 10.9.0
    dependencies:
      '@babel/runtime': registry.npmjs.org/@babel/runtime/7.17.7
      jss: registry.npmjs.org/jss/10.9.0
    dev: false

  registry.npmjs.org/jss-plugin-nested/10.9.0:
    resolution: {integrity: sha512-2UJnDrfCZpMYcpPYR16oZB7VAC6b/1QLsRiAutOt7wJaaqwCBvNsosLEu/fUyKNQNGdvg2PPJFDO5AX7dwxtoA==, registry: https://registry.yarnpkg.com/, tarball: https://registry.npmjs.org/jss-plugin-nested/-/jss-plugin-nested-10.9.0.tgz}
    name: jss-plugin-nested
    version: 10.9.0
    dependencies:
      '@babel/runtime': registry.npmjs.org/@babel/runtime/7.17.7
      jss: registry.npmjs.org/jss/10.9.0
      tiny-warning: registry.npmjs.org/tiny-warning/1.0.3
    dev: false

  registry.npmjs.org/jss-plugin-props-sort/10.9.0:
    resolution: {integrity: sha512-7A76HI8bzwqrsMOJTWKx/uD5v+U8piLnp5bvru7g/3ZEQOu1+PjHvv7bFdNO3DwNPC9oM0a//KwIJsIcDCjDzw==, registry: https://registry.yarnpkg.com/, tarball: https://registry.npmjs.org/jss-plugin-props-sort/-/jss-plugin-props-sort-10.9.0.tgz}
    name: jss-plugin-props-sort
    version: 10.9.0
    dependencies:
      '@babel/runtime': registry.npmjs.org/@babel/runtime/7.17.7
      jss: registry.npmjs.org/jss/10.9.0
    dev: false

  registry.npmjs.org/jss-plugin-rule-value-function/10.9.0:
    resolution: {integrity: sha512-IHJv6YrEf8pRzkY207cPmdbBstBaE+z8pazhPShfz0tZSDtRdQua5jjg6NMz3IbTasVx9FdnmptxPqSWL5tyJg==, registry: https://registry.yarnpkg.com/, tarball: https://registry.npmjs.org/jss-plugin-rule-value-function/-/jss-plugin-rule-value-function-10.9.0.tgz}
    name: jss-plugin-rule-value-function
    version: 10.9.0
    dependencies:
      '@babel/runtime': registry.npmjs.org/@babel/runtime/7.17.7
      jss: registry.npmjs.org/jss/10.9.0
      tiny-warning: registry.npmjs.org/tiny-warning/1.0.3
    dev: false

  registry.npmjs.org/jss-plugin-rule-value-observable/10.9.0:
    resolution: {integrity: sha512-/MWVPJVEn41+ofzQdsvH1GR4wusDqFqNnchh/98HVc580MxPy4NVkmUa2SAEpbHhnJ93sCoETZccW3HJKuvH4A==, registry: https://registry.yarnpkg.com/, tarball: https://registry.npmjs.org/jss-plugin-rule-value-observable/-/jss-plugin-rule-value-observable-10.9.0.tgz}
    name: jss-plugin-rule-value-observable
    version: 10.9.0
    dependencies:
      '@babel/runtime': registry.npmjs.org/@babel/runtime/7.17.7
      jss: registry.npmjs.org/jss/10.9.0
      symbol-observable: registry.npmjs.org/symbol-observable/1.2.0
    dev: false

  registry.npmjs.org/jss-plugin-template/10.9.0:
    resolution: {integrity: sha512-lxThUvdt0drCi7xhuJWxADWTgLLy1IWCeFO5k+dtba900xJsNg0IGZplpP9w9UpaJsYS3WUwWMXw8Sxn1dobfQ==, registry: https://registry.yarnpkg.com/, tarball: https://registry.npmjs.org/jss-plugin-template/-/jss-plugin-template-10.9.0.tgz}
    name: jss-plugin-template
    version: 10.9.0
    dependencies:
      '@babel/runtime': registry.npmjs.org/@babel/runtime/7.17.7
      jss: registry.npmjs.org/jss/10.9.0
      tiny-warning: registry.npmjs.org/tiny-warning/1.0.3
    dev: false

  registry.npmjs.org/jss-plugin-vendor-prefixer/10.9.0:
    resolution: {integrity: sha512-MbvsaXP7iiVdYVSEoi+blrW+AYnTDvHTW6I6zqi7JcwXdc6I9Kbm234nEblayhF38EftoenbM+5218pidmC5gA==, registry: https://registry.yarnpkg.com/, tarball: https://registry.npmjs.org/jss-plugin-vendor-prefixer/-/jss-plugin-vendor-prefixer-10.9.0.tgz}
    name: jss-plugin-vendor-prefixer
    version: 10.9.0
    dependencies:
      '@babel/runtime': registry.npmjs.org/@babel/runtime/7.17.7
      css-vendor: registry.npmjs.org/css-vendor/2.0.8
      jss: registry.npmjs.org/jss/10.9.0
    dev: false

  registry.npmjs.org/jss-preset-default/10.9.0:
    resolution: {integrity: sha512-Zdsj+R+UTn7OOJ1TFQi+l8PfEL7APSAM6vRPaU8mJywT8OrMjgslMKckFLrgq1k+qk1hJR1ePAMesvZ5aAXGOQ==, registry: https://registry.yarnpkg.com/, tarball: https://registry.npmjs.org/jss-preset-default/-/jss-preset-default-10.9.0.tgz}
    name: jss-preset-default
    version: 10.9.0
    dependencies:
      '@babel/runtime': registry.npmjs.org/@babel/runtime/7.17.7
      jss: registry.npmjs.org/jss/10.9.0
      jss-plugin-camel-case: registry.npmjs.org/jss-plugin-camel-case/10.9.0
      jss-plugin-compose: registry.npmjs.org/jss-plugin-compose/10.9.0
      jss-plugin-default-unit: registry.npmjs.org/jss-plugin-default-unit/10.9.0
      jss-plugin-expand: registry.npmjs.org/jss-plugin-expand/10.9.0
      jss-plugin-extend: registry.npmjs.org/jss-plugin-extend/10.9.0
      jss-plugin-global: registry.npmjs.org/jss-plugin-global/10.9.0
      jss-plugin-nested: registry.npmjs.org/jss-plugin-nested/10.9.0
      jss-plugin-props-sort: registry.npmjs.org/jss-plugin-props-sort/10.9.0
      jss-plugin-rule-value-function: registry.npmjs.org/jss-plugin-rule-value-function/10.9.0
      jss-plugin-rule-value-observable: registry.npmjs.org/jss-plugin-rule-value-observable/10.9.0
      jss-plugin-template: registry.npmjs.org/jss-plugin-template/10.9.0
      jss-plugin-vendor-prefixer: registry.npmjs.org/jss-plugin-vendor-prefixer/10.9.0
    dev: false

  registry.npmjs.org/jss/10.9.0:
    resolution: {integrity: sha512-YpzpreB6kUunQBbrlArlsMpXYyndt9JATbt95tajx0t4MTJJcCJdd4hdNpHmOIDiUJrF/oX5wtVFrS3uofWfGw==, registry: https://registry.yarnpkg.com/, tarball: https://registry.npmjs.org/jss/-/jss-10.9.0.tgz}
    name: jss
    version: 10.9.0
    dependencies:
      '@babel/runtime': registry.npmjs.org/@babel/runtime/7.17.7
      csstype: registry.npmjs.org/csstype/3.0.11
      is-in-browser: registry.npmjs.org/is-in-browser/1.1.3
      tiny-warning: registry.npmjs.org/tiny-warning/1.0.3
    dev: false

  registry.npmjs.org/loose-envify/1.4.0:
    resolution: {integrity: sha512-lyuxPGr/Wfhrlem2CL/UcnUc1zcqKAImBDzukY7Y5F/yQiNdko6+fRLevlw1HgMySw7f611UIY408EtxRSoK3Q==, registry: https://registry.yarnpkg.com/, tarball: https://registry.npmjs.org/loose-envify/-/loose-envify-1.4.0.tgz}
    name: loose-envify
    version: 1.4.0
    hasBin: true
    dependencies:
      js-tokens: registry.npmjs.org/js-tokens/4.0.0
    dev: false

  registry.npmjs.org/nanoid/3.3.1:
    resolution: {integrity: sha512-n6Vs/3KGyxPQd6uO0eH4Bv0ojGSUvuLlIHtC3Y0kEO23YRge8H9x1GCzLn28YX0H66pMkxuaeESFq4tKISKwdw==, registry: https://registry.yarnpkg.com/, tarball: https://registry.npmjs.org/nanoid/-/nanoid-3.3.1.tgz}
    name: nanoid
    version: 3.3.1
    engines: {node: ^10 || ^12 || ^13.7 || ^14 || >=15.0.1}
    hasBin: true
    dev: false

  registry.npmjs.org/next/12.1.0_react-dom@17.0.2+react@17.0.2:
    resolution: {integrity: sha512-s885kWvnIlxsUFHq9UGyIyLiuD0G3BUC/xrH0CEnH5lHEWkwQcHOORgbDF0hbrW9vr/7am4ETfX4A7M6DjrE7Q==, registry: https://registry.yarnpkg.com/, tarball: https://registry.npmjs.org/next/-/next-12.1.0.tgz}
    id: registry.npmjs.org/next/12.1.0
    name: next
    version: 12.1.0
    engines: {node: '>=12.22.0'}
    hasBin: true
    peerDependencies:
      fibers: '>= 3.1.0'
      node-sass: ^6.0.0 || ^7.0.0
      react: ^17.0.2 || ^18.0.0-0
      react-dom: ^17.0.2 || ^18.0.0-0
      sass: ^1.3.0
    peerDependenciesMeta:
      fibers:
        optional: true
      node-sass:
        optional: true
      sass:
        optional: true
    dependencies:
      '@next/env': registry.npmjs.org/@next/env/12.1.0
      caniuse-lite: registry.npmjs.org/caniuse-lite/1.0.30001317
      postcss: registry.npmjs.org/postcss/8.4.5
      react: registry.npmjs.org/react/17.0.2
      react-dom: registry.npmjs.org/react-dom/17.0.2_react@17.0.2
      styled-jsx: registry.npmjs.org/styled-jsx/5.0.0_react@17.0.2
      use-subscription: registry.npmjs.org/use-subscription/1.5.1_react@17.0.2
    optionalDependencies:
      '@next/swc-android-arm64': registry.npmjs.org/@next/swc-android-arm64/12.1.0
      '@next/swc-darwin-arm64': registry.npmjs.org/@next/swc-darwin-arm64/12.1.0
      '@next/swc-darwin-x64': registry.npmjs.org/@next/swc-darwin-x64/12.1.0
      '@next/swc-linux-arm-gnueabihf': registry.npmjs.org/@next/swc-linux-arm-gnueabihf/12.1.0
      '@next/swc-linux-arm64-gnu': registry.npmjs.org/@next/swc-linux-arm64-gnu/12.1.0
      '@next/swc-linux-arm64-musl': registry.npmjs.org/@next/swc-linux-arm64-musl/12.1.0
      '@next/swc-linux-x64-gnu': registry.npmjs.org/@next/swc-linux-x64-gnu/12.1.0
      '@next/swc-linux-x64-musl': registry.npmjs.org/@next/swc-linux-x64-musl/12.1.0
      '@next/swc-win32-arm64-msvc': registry.npmjs.org/@next/swc-win32-arm64-msvc/12.1.0
      '@next/swc-win32-ia32-msvc': registry.npmjs.org/@next/swc-win32-ia32-msvc/12.1.0
      '@next/swc-win32-x64-msvc': registry.npmjs.org/@next/swc-win32-x64-msvc/12.1.0
    transitivePeerDependencies:
      - '@babel/core'
      - babel-plugin-macros
    dev: false

  registry.npmjs.org/object-assign/4.1.1:
    resolution: {integrity: sha1-IQmtx5ZYh8/AXLvUQsrIv7s2CGM=, registry: https://registry.yarnpkg.com/, tarball: https://registry.npmjs.org/object-assign/-/object-assign-4.1.1.tgz}
    name: object-assign
    version: 4.1.1
    engines: {node: '>=0.10.0'}
    dev: false

  registry.npmjs.org/picocolors/1.0.0:
    resolution: {integrity: sha512-1fygroTLlHu66zi26VoTDv8yRgm0Fccecssto+MhsZ0D/DGW2sm8E8AjW7NU5VVTRt5GxbeZ5qBuJr+HyLYkjQ==, registry: https://registry.yarnpkg.com/, tarball: https://registry.npmjs.org/picocolors/-/picocolors-1.0.0.tgz}
    name: picocolors
    version: 1.0.0
    dev: false

  registry.npmjs.org/pnpm/6.32.3:
    resolution: {integrity: sha512-lMQgROSwiUA+kt+suAPinjNwqevS1Iz0rppWNZ3jHhzeP07RFRQ+Ksai2OlAnM+YjlbHT9niQ4ICBVSqcdQ04w==, registry: https://registry.yarnpkg.com/, tarball: https://registry.npmjs.org/pnpm/-/pnpm-6.32.3.tgz}
    name: pnpm
    version: 6.32.3
    engines: {node: '>=12.17'}
    hasBin: true
    dev: false

  registry.npmjs.org/postcss/8.4.5:
    resolution: {integrity: sha512-jBDboWM8qpaqwkMwItqTQTiFikhs/67OYVvblFFTM7MrZjt6yMKd6r2kgXizEbTTljacm4NldIlZnhbjr84QYg==, registry: https://registry.yarnpkg.com/, tarball: https://registry.npmjs.org/postcss/-/postcss-8.4.5.tgz}
    name: postcss
    version: 8.4.5
    engines: {node: ^10 || ^12 || >=14}
    dependencies:
      nanoid: registry.npmjs.org/nanoid/3.3.1
      picocolors: registry.npmjs.org/picocolors/1.0.0
      source-map-js: registry.npmjs.org/source-map-js/1.0.2
    dev: false

  registry.npmjs.org/prop-types/15.8.1:
    resolution: {integrity: sha512-oj87CgZICdulUohogVAR7AjlC0327U4el4L6eAvOqCeudMDVU0NThNaV+b9Df4dXgSP1gXMTnPdhfe/2qDH5cg==, registry: https://registry.yarnpkg.com/, tarball: https://registry.npmjs.org/prop-types/-/prop-types-15.8.1.tgz}
    name: prop-types
    version: 15.8.1
    dependencies:
      loose-envify: registry.npmjs.org/loose-envify/1.4.0
      object-assign: registry.npmjs.org/object-assign/4.1.1
      react-is: registry.npmjs.org/react-is/16.13.1
    dev: false

  registry.npmjs.org/react-display-name/0.2.5:
    resolution: {integrity: sha512-I+vcaK9t4+kypiSgaiVWAipqHRXYmZIuAiS8vzFvXHHXVigg/sMKwlRgLy6LH2i3rmP+0Vzfl5lFsFRwF1r3pg==, registry: https://registry.yarnpkg.com/, tarball: https://registry.npmjs.org/react-display-name/-/react-display-name-0.2.5.tgz}
    name: react-display-name
    version: 0.2.5
    dev: false

  registry.npmjs.org/react-dom/17.0.2_react@17.0.2:
    resolution: {integrity: sha512-s4h96KtLDUQlsENhMn1ar8t2bEa+q/YAtj8pPPdIjPDGBDIVNsrD9aXNWqspUe6AzKCIG0C1HZZLqLV7qpOBGA==, registry: https://registry.yarnpkg.com/, tarball: https://registry.npmjs.org/react-dom/-/react-dom-17.0.2.tgz}
    id: registry.npmjs.org/react-dom/17.0.2
    name: react-dom
    version: 17.0.2
    peerDependencies:
      react: 17.0.2
    dependencies:
      loose-envify: registry.npmjs.org/loose-envify/1.4.0
      object-assign: registry.npmjs.org/object-assign/4.1.1
      react: registry.npmjs.org/react/17.0.2
      scheduler: registry.npmjs.org/scheduler/0.20.2
    dev: false

  registry.npmjs.org/react-is/16.13.1:
    resolution: {integrity: sha512-24e6ynE2H+OKt4kqsOvNd8kBpV65zoxbA4BVsEOB3ARVWQki/DHzaUoC5KuON/BiccDaCCTZBuOcfZs70kR8bQ==, registry: https://registry.yarnpkg.com/, tarball: https://registry.npmjs.org/react-is/-/react-is-16.13.1.tgz}
    name: react-is
    version: 16.13.1
    dev: false

  registry.npmjs.org/react-jss/10.9.0_react@17.0.2:
    resolution: {integrity: sha512-xKXTEejrSkzINF+dutFtLllIfYSN6tOA1XmnpiZGjsWZqy7Hum6fjjgAE2TbBmV9h2CW62ekmGj/Mx27ZuMjuw==, registry: https://registry.yarnpkg.com/, tarball: https://registry.npmjs.org/react-jss/-/react-jss-10.9.0.tgz}
    id: registry.npmjs.org/react-jss/10.9.0
    name: react-jss
    version: 10.9.0
    peerDependencies:
      react: '>=16.8.6'
    dependencies:
      '@babel/runtime': registry.npmjs.org/@babel/runtime/7.17.7
      '@emotion/is-prop-valid': registry.npmjs.org/@emotion/is-prop-valid/0.7.3
      css-jss: registry.npmjs.org/css-jss/10.9.0
      hoist-non-react-statics: registry.npmjs.org/hoist-non-react-statics/3.3.2
      is-in-browser: registry.npmjs.org/is-in-browser/1.1.3
      jss: registry.npmjs.org/jss/10.9.0
      jss-preset-default: registry.npmjs.org/jss-preset-default/10.9.0
      prop-types: registry.npmjs.org/prop-types/15.8.1
      react: registry.npmjs.org/react/17.0.2
      shallow-equal: registry.npmjs.org/shallow-equal/1.2.1
      theming: registry.npmjs.org/theming/3.3.0_react@17.0.2
      tiny-warning: registry.npmjs.org/tiny-warning/1.0.3
    dev: false

  registry.npmjs.org/react/17.0.2:
    resolution: {integrity: sha512-gnhPt75i/dq/z3/6q/0asP78D0u592D5L1pd7M8P+dck6Fu/jJeL6iVVK23fptSUZj8Vjf++7wXA8UNclGQcbA==, registry: https://registry.yarnpkg.com/, tarball: https://registry.npmjs.org/react/-/react-17.0.2.tgz}
    name: react
    version: 17.0.2
    engines: {node: '>=0.10.0'}
    dependencies:
      loose-envify: registry.npmjs.org/loose-envify/1.4.0
      object-assign: registry.npmjs.org/object-assign/4.1.1
    dev: false

  registry.npmjs.org/regenerator-runtime/0.13.9:
    resolution: {integrity: sha512-p3VT+cOEgxFsRRA9X4lkI1E+k2/CtnKtU4gcxyaCUreilL/vqI6CdZ3wxVUx3UOUg+gnUOQQcRI7BmSI656MYA==, registry: https://registry.yarnpkg.com/, tarball: https://registry.npmjs.org/regenerator-runtime/-/regenerator-runtime-0.13.9.tgz}
    name: regenerator-runtime
    version: 0.13.9
    dev: false

  registry.npmjs.org/scheduler/0.20.2:
    resolution: {integrity: sha512-2eWfGgAqqWFGqtdMmcL5zCMK1U8KlXv8SQFGglL3CEtd0aDVDWgeF/YoCmvln55m5zSk3J/20hTaSBeSObsQDQ==, registry: https://registry.yarnpkg.com/, tarball: https://registry.npmjs.org/scheduler/-/scheduler-0.20.2.tgz}
    name: scheduler
    version: 0.20.2
    dependencies:
      loose-envify: registry.npmjs.org/loose-envify/1.4.0
      object-assign: registry.npmjs.org/object-assign/4.1.1
    dev: false

  registry.npmjs.org/shallow-equal/1.2.1:
    resolution: {integrity: sha512-S4vJDjHHMBaiZuT9NPb616CSmLf618jawtv3sufLl6ivK8WocjAo58cXwbRV1cgqxH0Qbv+iUt6m05eqEa2IRA==, registry: https://registry.yarnpkg.com/, tarball: https://registry.npmjs.org/shallow-equal/-/shallow-equal-1.2.1.tgz}
    name: shallow-equal
    version: 1.2.1
    dev: false

  registry.npmjs.org/source-map-js/1.0.2:
    resolution: {integrity: sha512-R0XvVJ9WusLiqTCEiGCmICCMplcCkIwwR11mOSD9CR5u+IXYdiseeEuXCVAjS54zqwkLcPNnmU4OeJ6tUrWhDw==, registry: https://registry.yarnpkg.com/, tarball: https://registry.npmjs.org/source-map-js/-/source-map-js-1.0.2.tgz}
    name: source-map-js
    version: 1.0.2
    engines: {node: '>=0.10.0'}
    dev: false

  registry.npmjs.org/styled-jsx/5.0.0_react@17.0.2:
    resolution: {integrity: sha512-qUqsWoBquEdERe10EW8vLp3jT25s/ssG1/qX5gZ4wu15OZpmSMFI2v+fWlRhLfykA5rFtlJ1ME8A8pm/peV4WA==, registry: https://registry.yarnpkg.com/, tarball: https://registry.npmjs.org/styled-jsx/-/styled-jsx-5.0.0.tgz}
    id: registry.npmjs.org/styled-jsx/5.0.0
    name: styled-jsx
    version: 5.0.0
    engines: {node: '>= 12.0.0'}
    peerDependencies:
      '@babel/core': '*'
      babel-plugin-macros: '*'
      react: '>= 16.8.0 || 17.x.x || 18.x.x'
    peerDependenciesMeta:
      '@babel/core':
        optional: true
      babel-plugin-macros:
        optional: true
    dependencies:
      react: registry.npmjs.org/react/17.0.2
    dev: false

  registry.npmjs.org/symbol-observable/1.2.0:
    resolution: {integrity: sha512-e900nM8RRtGhlV36KGEU9k65K3mPb1WV70OdjfxlG2EAuM1noi/E/BaW/uMhL7bPEssK8QV57vN3esixjUvcXQ==, registry: https://registry.yarnpkg.com/, tarball: https://registry.npmjs.org/symbol-observable/-/symbol-observable-1.2.0.tgz}
    name: symbol-observable
    version: 1.2.0
    engines: {node: '>=0.10.0'}
    dev: false

  registry.npmjs.org/theming/3.3.0_react@17.0.2:
    resolution: {integrity: sha512-u6l4qTJRDaWZsqa8JugaNt7Xd8PPl9+gonZaIe28vAhqgHMIG/DOyFPqiKN/gQLQYj05tHv+YQdNILL4zoiAVA==, registry: https://registry.yarnpkg.com/, tarball: https://registry.npmjs.org/theming/-/theming-3.3.0.tgz}
    id: registry.npmjs.org/theming/3.3.0
    name: theming
    version: 3.3.0
    engines: {node: '>=8'}
    peerDependencies:
      react: '>=16.3'
    dependencies:
      hoist-non-react-statics: registry.npmjs.org/hoist-non-react-statics/3.3.2
      prop-types: registry.npmjs.org/prop-types/15.8.1
      react: registry.npmjs.org/react/17.0.2
      react-display-name: registry.npmjs.org/react-display-name/0.2.5
      tiny-warning: registry.npmjs.org/tiny-warning/1.0.3
    dev: false

  registry.npmjs.org/tiny-warning/1.0.3:
    resolution: {integrity: sha512-lBN9zLN/oAf68o3zNXYrdCt1kP8WsiGW8Oo2ka41b2IM5JL/S1CTyX1rW0mb/zSuJun0ZUrDxx4sqvYS2FWzPA==, registry: https://registry.yarnpkg.com/, tarball: https://registry.npmjs.org/tiny-warning/-/tiny-warning-1.0.3.tgz}
    name: tiny-warning
    version: 1.0.3
    dev: false

  registry.npmjs.org/use-subscription/1.5.1_react@17.0.2:
    resolution: {integrity: sha512-Xv2a1P/yReAjAbhylMfFplFKj9GssgTwN7RlcTxBujFQcloStWNDQdc4g4NRWH9xS4i/FDk04vQBptAXoF3VcA==, registry: https://registry.yarnpkg.com/, tarball: https://registry.npmjs.org/use-subscription/-/use-subscription-1.5.1.tgz}
    id: registry.npmjs.org/use-subscription/1.5.1
    name: use-subscription
    version: 1.5.1
    peerDependencies:
      react: ^16.8.0 || ^17.0.0
    dependencies:
      object-assign: registry.npmjs.org/object-assign/4.1.1
      react: registry.npmjs.org/react/17.0.2
    dev: false
